
Microsoft Visual Studio Solution File, Format Version 12.00
Project("{FAE04EC0-301F-11D3-BF4B-00C04F79EFBC}") = "coin-stats", "coin-stats\coin-stats\coin-stats.csproj", "{A1082C1C-400F-4D47-83AC-5DEC35729882}"
EndProject
Project("{FAE04EC0-301F-11D3-BF4B-00C04F79EFBC}") = "coin-stats.Android", "coin-stats\coin-stats.Android\coin-stats.Android.csproj", "{DAA791E1-93E9-4DD4-ABFB-12AD15F0BD47}"
EndProject
Project("{FAE04EC0-301F-11D3-BF4B-00C04F79EFBC}") = "coin-stats.iOS", "coin-stats\coin-stats.iOS\coin-stats.iOS.csproj", "{C30527E7-C137-4D56-A5B5-54CE5A47A875}"
EndProject
Global
	GlobalSection(SolutionConfigurationPlatforms) = preSolution
		Ad-Hoc|iPhone = Ad-Hoc|iPhone
		AppStore|iPhone = AppStore|iPhone
		Debug|Any CPU = Debug|Any CPU
		Debug|iPhone = Debug|iPhone
		Debug|iPhoneSimulator = Debug|iPhoneSimulator
		Release|Any CPU = Release|Any CPU
		Release|iPhone = Release|iPhone
		Release|iPhoneSimulator = Release|iPhoneSimulator
	EndGlobalSection
	GlobalSection(ProjectConfigurationPlatforms) = postSolution
		{A1082C1C-400F-4D47-83AC-5DEC35729882}.Ad-Hoc|iPhone.ActiveCfg = Debug|Any CPU
		{A1082C1C-400F-4D47-83AC-5DEC35729882}.Ad-Hoc|iPhone.Build.0 = Debug|Any CPU
		{A1082C1C-400F-4D47-83AC-5DEC35729882}.AppStore|iPhone.ActiveCfg = Debug|Any CPU
		{A1082C1C-400F-4D47-83AC-5DEC35729882}.AppStore|iPhone.Build.0 = Debug|Any CPU
		{A1082C1C-400F-4D47-83AC-5DEC35729882}.Debug|Any CPU.ActiveCfg = Debug|Any CPU
		{A1082C1C-400F-4D47-83AC-5DEC35729882}.Debug|Any CPU.Build.0 = Debug|Any CPU
		{A1082C1C-400F-4D47-83AC-5DEC35729882}.Debug|iPhone.ActiveCfg = Debug|Any CPU
		{A1082C1C-400F-4D47-83AC-5DEC35729882}.Debug|iPhone.Build.0 = Debug|Any CPU
		{A1082C1C-400F-4D47-83AC-5DEC35729882}.Debug|iPhoneSimulator.ActiveCfg = Debug|Any CPU
		{A1082C1C-400F-4D47-83AC-5DEC35729882}.Debug|iPhoneSimulator.Build.0 = Debug|Any CPU
		{A1082C1C-400F-4D47-83AC-5DEC35729882}.Release|Any CPU.ActiveCfg = Release|Any CPU
		{A1082C1C-400F-4D47-83AC-5DEC35729882}.Release|Any CPU.Build.0 = Release|Any CPU
		{A1082C1C-400F-4D47-83AC-5DEC35729882}.Release|iPhone.ActiveCfg = Release|Any CPU
		{A1082C1C-400F-4D47-83AC-5DEC35729882}.Release|iPhone.Build.0 = Release|Any CPU
		{A1082C1C-400F-4D47-83AC-5DEC35729882}.Release|iPhoneSimulator.ActiveCfg = Release|Any CPU
		{A1082C1C-400F-4D47-83AC-5DEC35729882}.Release|iPhoneSimulator.Build.0 = Release|Any CPU
		{DAA791E1-93E9-4DD4-ABFB-12AD15F0BD47}.Ad-Hoc|iPhone.ActiveCfg = Debug|Any CPU
		{DAA791E1-93E9-4DD4-ABFB-12AD15F0BD47}.Ad-Hoc|iPhone.Build.0 = Debug|Any CPU
		{DAA791E1-93E9-4DD4-ABFB-12AD15F0BD47}.Ad-Hoc|iPhone.Deploy.0 = Debug|Any CPU
		{DAA791E1-93E9-4DD4-ABFB-12AD15F0BD47}.AppStore|iPhone.ActiveCfg = Debug|Any CPU
		{DAA791E1-93E9-4DD4-ABFB-12AD15F0BD47}.AppStore|iPhone.Build.0 = Debug|Any CPU
		{DAA791E1-93E9-4DD4-ABFB-12AD15F0BD47}.AppStore|iPhone.Deploy.0 = Debug|Any CPU
		{DAA791E1-93E9-4DD4-ABFB-12AD15F0BD47}.Debug|Any CPU.ActiveCfg = Debug|Any CPU
		{DAA791E1-93E9-4DD4-ABFB-12AD15F0BD47}.Debug|Any CPU.Build.0 = Debug|Any CPU
		{DAA791E1-93E9-4DD4-ABFB-12AD15F0BD47}.Debug|Any CPU.Deploy.0 = Debug|Any CPU
		{DAA791E1-93E9-4DD4-ABFB-12AD15F0BD47}.Debug|iPhone.ActiveCfg = Debug|Any CPU
		{DAA791E1-93E9-4DD4-ABFB-12AD15F0BD47}.Debug|iPhone.Build.0 = Debug|Any CPU
		{DAA791E1-93E9-4DD4-ABFB-12AD15F0BD47}.Debug|iPhone.Deploy.0 = Debug|Any CPU
		{DAA791E1-93E9-4DD4-ABFB-12AD15F0BD47}.Debug|iPhoneSimulator.ActiveCfg = Debug|Any CPU
		{DAA791E1-93E9-4DD4-ABFB-12AD15F0BD47}.Debug|iPhoneSimulator.Build.0 = Debug|Any CPU
		{DAA791E1-93E9-4DD4-ABFB-12AD15F0BD47}.Debug|iPhoneSimulator.Deploy.0 = Debug|Any CPU
		{DAA791E1-93E9-4DD4-ABFB-12AD15F0BD47}.Release|Any CPU.ActiveCfg = Release|Any CPU
		{DAA791E1-93E9-4DD4-ABFB-12AD15F0BD47}.Release|Any CPU.Build.0 = Release|Any CPU
		{DAA791E1-93E9-4DD4-ABFB-12AD15F0BD47}.Release|Any CPU.Deploy.0 = Release|Any CPU
		{DAA791E1-93E9-4DD4-ABFB-12AD15F0BD47}.Release|iPhone.ActiveCfg = Release|Any CPU
		{DAA791E1-93E9-4DD4-ABFB-12AD15F0BD47}.Release|iPhone.Build.0 = Release|Any CPU
		{DAA791E1-93E9-4DD4-ABFB-12AD15F0BD47}.Release|iPhone.Deploy.0 = Release|Any CPU
		{DAA791E1-93E9-4DD4-ABFB-12AD15F0BD47}.Release|iPhoneSimulator.ActiveCfg = Release|Any CPU
		{DAA791E1-93E9-4DD4-ABFB-12AD15F0BD47}.Release|iPhoneSimulator.Build.0 = Release|Any CPU
		{DAA791E1-93E9-4DD4-ABFB-12AD15F0BD47}.Release|iPhoneSimulator.Deploy.0 = Release|Any CPU
		{C30527E7-C137-4D56-A5B5-54CE5A47A875}.Ad-Hoc|iPhone.ActiveCfg = Ad-Hoc|iPhone
		{C30527E7-C137-4D56-A5B5-54CE5A47A875}.Ad-Hoc|iPhone.Build.0 = Ad-Hoc|iPhone
		{C30527E7-C137-4D56-A5B5-54CE5A47A875}.Ad-Hoc|iPhone.Deploy.0 = Ad-Hoc|iPhone
		{C30527E7-C137-4D56-A5B5-54CE5A47A875}.AppStore|iPhone.ActiveCfg = AppStore|iPhone
		{C30527E7-C137-4D56-A5B5-54CE5A47A875}.AppStore|iPhone.Build.0 = AppStore|iPhone
		{C30527E7-C137-4D56-A5B5-54CE5A47A875}.AppStore|iPhone.Deploy.0 = AppStore|iPhone
		{C30527E7-C137-4D56-A5B5-54CE5A47A875}.Debug|Any CPU.ActiveCfg = Debug|iPhoneSimulator
		{C30527E7-C137-4D56-A5B5-54CE5A47A875}.Debug|Any CPU.Build.0 = Debug|iPhoneSimulator
		{C30527E7-C137-4D56-A5B5-54CE5A47A875}.Debug|Any CPU.Deploy.0 = Debug|iPhoneSimulator
		{C30527E7-C137-4D56-A5B5-54CE5A47A875}.Debug|iPhone.ActiveCfg = Debug|iPhone
		{C30527E7-C137-4D56-A5B5-54CE5A47A875}.Debug|iPhone.Build.0 = Debug|iPhone
		{C30527E7-C137-4D56-A5B5-54CE5A47A875}.Debug|iPhone.Deploy.0 = Debug|iPhone
		{C30527E7-C137-4D56-A5B5-54CE5A47A875}.Debug|iPhoneSimulator.ActiveCfg = Debug|iPhoneSimulator
		{C30527E7-C137-4D56-A5B5-54CE5A47A875}.Debug|iPhoneSimulator.Build.0 = Debug|iPhoneSimulator
		{C30527E7-C137-4D56-A5B5-54CE5A47A875}.Debug|iPhoneSimulator.Deploy.0 = Debug|iPhoneSimulator
		{C30527E7-C137-4D56-A5B5-54CE5A47A875}.Release|Any CPU.ActiveCfg = Release|iPhoneSimulator
		{C30527E7-C137-4D56-A5B5-54CE5A47A875}.Release|Any CPU.Build.0 = Release|iPhoneSimulator
		{C30527E7-C137-4D56-A5B5-54CE5A47A875}.Release|Any CPU.Deploy.0 = Release|iPhoneSimulator
		{C30527E7-C137-4D56-A5B5-54CE5A47A875}.Release|iPhone.ActiveCfg = Release|iPhone
		{C30527E7-C137-4D56-A5B5-54CE5A47A875}.Release|iPhone.Build.0 = Release|iPhone
		{C30527E7-C137-4D56-A5B5-54CE5A47A875}.Release|iPhone.Deploy.0 = Release|iPhone
		{C30527E7-C137-4D56-A5B5-54CE5A47A875}.Release|iPhoneSimulator.ActiveCfg = Release|iPhoneSimulator
		{C30527E7-C137-4D56-A5B5-54CE5A47A875}.Release|iPhoneSimulator.Build.0 = Release|iPhoneSimulator
		{C30527E7-C137-4D56-A5B5-54CE5A47A875}.Release|iPhoneSimulator.Deploy.0 = Release|iPhoneSimulator
	EndGlobalSection
EndGlobal
